
Microsoft Visual Studio Solution File, Format Version 12.00
# Visual Studio Version 17
VisualStudioVersion = 17.4.33205.214
MinimumVisualStudioVersion = 10.0.40219.1
Project("{FAE04EC0-301F-11D3-BF4B-00C04F79EFBC}") = "Common", "Solution NetworkTool\Common.csproj", "{DD6D3F5B-1956-4E3D-9F76-7248ABCEA34E}"
EndProject
Project("{FAE04EC0-301F-11D3-BF4B-00C04F79EFBC}") = "Network", "Network\Network.csproj", "{C03FBBCF-3E29-47AC-A8FE-607114C7E3C0}"
EndProject
Project("{FAE04EC0-301F-11D3-BF4B-00C04F79EFBC}") = "TestClient", "TestClient\TestClient.csproj", "{E7670FCD-5730-4B94-AF93-287AFE07B26F}"
EndProject
Project("{FAE04EC0-301F-11D3-BF4B-00C04F79EFBC}") = "ServerCore", "ServerCore\ServerCore.csproj", "{EFDB07D9-F099-42BE-A08A-A6EA56D4A2B2}"
EndProject
Global
	GlobalSection(SolutionConfigurationPlatforms) = preSolution
		Debug|Any CPU = Debug|Any CPU
		Release|Any CPU = Release|Any CPU
	EndGlobalSection
	GlobalSection(ProjectConfigurationPlatforms) = postSolution
		{DD6D3F5B-1956-4E3D-9F76-7248ABCEA34E}.Debug|Any CPU.ActiveCfg = Debug|Any CPU
		{DD6D3F5B-1956-4E3D-9F76-7248ABCEA34E}.Debug|Any CPU.Build.0 = Debug|Any CPU
		{DD6D3F5B-1956-4E3D-9F76-7248ABCEA34E}.Release|Any CPU.ActiveCfg = Release|Any CPU
		{DD6D3F5B-1956-4E3D-9F76-7248ABCEA34E}.Release|Any CPU.Build.0 = Release|Any CPU
		{C03FBBCF-3E29-47AC-A8FE-607114C7E3C0}.Debug|Any CPU.ActiveCfg = Debug|Any CPU
		{C03FBBCF-3E29-47AC-A8FE-607114C7E3C0}.Debug|Any CPU.Build.0 = Debug|Any CPU
		{C03FBBCF-3E29-47AC-A8FE-607114C7E3C0}.Release|Any CPU.ActiveCfg = Release|Any CPU
		{C03FBBCF-3E29-47AC-A8FE-607114C7E3C0}.Release|Any CPU.Build.0 = Release|Any CPU
		{E7670FCD-5730-4B94-AF93-287AFE07B26F}.Debug|Any CPU.ActiveCfg = Debug|Any CPU
		{E7670FCD-5730-4B94-AF93-287AFE07B26F}.Debug|Any CPU.Build.0 = Debug|Any CPU
		{E7670FCD-5730-4B94-AF93-287AFE07B26F}.Release|Any CPU.ActiveCfg = Release|Any CPU
		{E7670FCD-5730-4B94-AF93-287AFE07B26F}.Release|Any CPU.Build.0 = Release|Any CPU
		{EFDB07D9-F099-42BE-A08A-A6EA56D4A2B2}.Debug|Any CPU.ActiveCfg = Debug|Any CPU
		{EFDB07D9-F099-42BE-A08A-A6EA56D4A2B2}.Debug|Any CPU.Build.0 = Debug|Any CPU
		{EFDB07D9-F099-42BE-A08A-A6EA56D4A2B2}.Release|Any CPU.ActiveCfg = Release|Any CPU
		{EFDB07D9-F099-42BE-A08A-A6EA56D4A2B2}.Release|Any CPU.Build.0 = Release|Any CPU
	EndGlobalSection
	GlobalSection(SolutionProperties) = preSolution
		HideSolutionNode = FALSE
	EndGlobalSection
	GlobalSection(ExtensibilityGlobals) = postSolution
		SolutionGuid = {C13658F4-58FB-4ECE-B836-67A66919F42D}
	EndGlobalSection
EndGlobal
